
Microsoft Visual Studio Solution File, Format Version 12.00
# Visual Studio Version 16
VisualStudioVersion = 25.0.1705.0
MinimumVisualStudioVersion = 10.0.40219.1
Project("{FAE04EC0-301F-11D3-BF4B-00C04F79EFBC}") = "WebApi", "WebApi\WebApi.csproj", "{5AA7AFF6-70CA-4B9D-9C47-D9260C9E0DAB}"
EndProject
Global
	GlobalSection(SolutionConfigurationPlatforms) = preSolution
		Debug|Any CPU = Debug|Any CPU
		Release|Any CPU = Release|Any CPU
	EndGlobalSection
	GlobalSection(ProjectConfigurationPlatforms) = postSolution
		{5AA7AFF6-70CA-4B9D-9C47-D9260C9E0DAB}.Debug|Any CPU.ActiveCfg = Debug|Any CPU
		{5AA7AFF6-70CA-4B9D-9C47-D9260C9E0DAB}.Debug|Any CPU.Build.0 = Debug|Any CPU
		{5AA7AFF6-70CA-4B9D-9C47-D9260C9E0DAB}.Release|Any CPU.ActiveCfg = Release|Any CPU
		{5AA7AFF6-70CA-4B9D-9C47-D9260C9E0DAB}.Release|Any CPU.Build.0 = Release|Any CPU
	EndGlobalSection
	GlobalSection(SolutionProperties) = preSolution
		HideSolutionNode = FALSE
	EndGlobalSection
	GlobalSection(ExtensibilityGlobals) = postSolution
		SolutionGuid = {66F3ADF4-154D-488B-819C-B1CD09275D5A}
	EndGlobalSection
EndGlobal
